<?xml version="1.0" encoding="utf-8"?>
<Project ToolsVersion="4.0" xmlns="http://schemas.microsoft.com/developer/msbuild/2003">
  <ItemGroup>
    <Filter Include="Source Files">
      <UniqueIdentifier>{4FC737F1-C7A5-4376-A066-2A32D752A2FF}</UniqueIdentifier>
      <Extensions>cpp;c;cc;cxx;def;odl;idl;hpj;bat;asm;asmx</Extensions>
    </Filter>
    <Filter Include="Header Files">
      <UniqueIdentifier>{93995380-89BD-4b04-88EB-625FBE52EBFB}</UniqueIdentifier>
      <Extensions>h;hh;hpp;hxx;hm;inl;inc;xsd</Extensions>
    </Filter>
    <Filter Include="Resource Files">
      <UniqueIdentifier>{67DA6AB6-F800-4c08-8B7A-83BB121AAD01}</UniqueIdentifier>
      <Extensions>rc;ico;cur;bmp;dlg;rc2;rct;bin;rgs;gif;jpg;jpeg;jpe;resx;tiff;tif;png;wav;mfcribbon-ms</Extensions>
    </Filter>
    <Filter Include="GameManager">
      <UniqueIdentifier>{7753164d-973d-42c7-87ff-a6e6fa0e1ac3}</UniqueIdentifier>
    </Filter>
    <Filter Include="Engine">
      <UniqueIdentifier>{53ac5d5d-a755-416d-9f06-ec6d325d6154}</UniqueIdentifier>
    </Filter>
    <Filter Include="GameObjects">
      <UniqueIdentifier>{66bae467-216d-487d-b12f-75a2791aaca4}</UniqueIdentifier>
    </Filter>
    <Filter Include="GameObjects\Main">
      <UniqueIdentifier>{894f2280-94d9-431c-b5a6-a4a0fcd3f67c}</UniqueIdentifier>
    </Filter>
    <Filter Include="GameObjects\Static">
      <UniqueIdentifier>{4dc32c00-dcba-4b67-9238-300e65d9033c}</UniqueIdentifier>
    </Filter>
    <Filter Include="GameObjects\Weapon">
      <UniqueIdentifier>{6a83faea-3c68-4010-86ff-7c856454258c}</UniqueIdentifier>
    </Filter>
    <Filter Include="GameObjects\Enermy">
      <UniqueIdentifier>{da60b89b-4b03-47c0-b9e0-2d4d703974ca}</UniqueIdentifier>
    </Filter>
  </ItemGroup>
  <ItemGroup>
    <ClCompile Include="main.cpp">
      <Filter>Source Files</Filter>
    </ClCompile>
    <ClCompile Include="Sprites.cpp">
      <Filter>Engine</Filter>
    </ClCompile>
    <ClCompile Include="Game.cpp">
      <Filter>GameManager</Filter>
    </ClCompile>
    <ClCompile Include="Textures.cpp">
      <Filter>Engine</Filter>
    </ClCompile>
    <ClCompile Include="GameObject.cpp">
      <Filter>GameObjects</Filter>
    </ClCompile>
    <ClCompile Include="debug.cpp">
      <Filter>Engine</Filter>
    </ClCompile>
    <ClCompile Include="TileMap.cpp">
      <Filter>Engine</Filter>
    </ClCompile>
    <ClCompile Include="Simon.cpp">
      <Filter>GameObjects\Main</Filter>
    </ClCompile>
    <ClCompile Include="Torch.cpp">
      <Filter>GameObjects\Static</Filter>
    </ClCompile>
    <ClCompile Include="Whip.cpp">
      <Filter>GameObjects\Weapon</Filter>
    </ClCompile>
    <ClCompile Include="Brick.cpp">
      <Filter>GameObjects\Static</Filter>
    </ClCompile>
    <ClCompile Include="Zombie.cpp">
      <Filter>GameObjects\Enermy</Filter>
    </ClCompile>
  </ItemGroup>
  <ItemGroup>
    <ClInclude Include="Sprites.h">
      <Filter>Engine</Filter>
    </ClInclude>
    <ClInclude Include="debug.h">
      <Filter>Engine</Filter>
    </ClInclude>
    <ClInclude Include="Textures.h">
      <Filter>Engine</Filter>
    </ClInclude>
    <ClInclude Include="Game.h">
      <Filter>GameManager</Filter>
    </ClInclude>
    <ClInclude Include="GameObject.h">
      <Filter>GameObjects</Filter>
    </ClInclude>
    <ClInclude Include="TileMap.h">
      <Filter>Engine</Filter>
    </ClInclude>
    <ClInclude Include="Simon.h">
      <Filter>GameObjects\Main</Filter>
    </ClInclude>
    <ClInclude Include="Torch.h">
      <Filter>GameObjects\Static</Filter>
    </ClInclude>
    <ClInclude Include="Whip.h">
      <Filter>GameObjects\Weapon</Filter>
    </ClInclude>
    <ClInclude Include="Zombie.h">
      <Filter>GameObjects\Enermy</Filter>
    </ClInclude>
    <ClInclude Include="Brick.h">
      <Filter>GameObjects\Static</Filter>
    </ClInclude>
  </ItemGroup>
</Project>