<?xml version="1.0" encoding="utf-8"?>
<Project ToolsVersion="4.0" xmlns="http://schemas.microsoft.com/developer/msbuild/2003">
  <ItemGroup>
    <Filter Include="Source Files">
      <UniqueIdentifier>{4FC737F1-C7A5-4376-A066-2A32D752A2FF}</UniqueIdentifier>
      <Extensions>cpp;c;cc;cxx;def;odl;idl;hpj;bat;asm;asmx</Extensions>
    </Filter>
    <Filter Include="Header Files">
      <UniqueIdentifier>{93995380-89BD-4b04-88EB-625FBE52EBFB}</UniqueIdentifier>
      <Extensions>h;hh;hpp;hxx;hm;inl;inc;xsd</Extensions>
    </Filter>
    <Filter Include="Resource Files">
      <UniqueIdentifier>{67DA6AB6-F800-4c08-8B7A-83BB121AAD01}</UniqueIdentifier>
      <Extensions>rc;ico;cur;bmp;dlg;rc2;rct;bin;rgs;gif;jpg;jpeg;jpe;resx;tiff;tif;png;wav;mfcribbon-ms</Extensions>
    </Filter>
    <Filter Include="GameManager">
      <UniqueIdentifier>{7753164d-973d-42c7-87ff-a6e6fa0e1ac3}</UniqueIdentifier>
    </Filter>
    <Filter Include="Engine">
      <UniqueIdentifier>{53ac5d5d-a755-416d-9f06-ec6d325d6154}</UniqueIdentifier>
    </Filter>
    <Filter Include="GameObjects">
      <UniqueIdentifier>{66bae467-216d-487d-b12f-75a2791aaca4}</UniqueIdentifier>
    </Filter>
    <Filter Include="GameObjects\Static">
      <UniqueIdentifier>{4dc32c00-dcba-4b67-9238-300e65d9033c}</UniqueIdentifier>
    </Filter>
    <Filter Include="GameObjects\Weapon">
      <UniqueIdentifier>{6a83faea-3c68-4010-86ff-7c856454258c}</UniqueIdentifier>
    </Filter>
    <Filter Include="GameObjects\Enermy">
      <UniqueIdentifier>{da60b89b-4b03-47c0-b9e0-2d4d703974ca}</UniqueIdentifier>
    </Filter>
    <Filter Include="GameObjects\Main">
      <UniqueIdentifier>{894f2280-94d9-431c-b5a6-a4a0fcd3f67c}</UniqueIdentifier>
    </Filter>
    <Filter Include="GameObjects\Effect">
      <UniqueIdentifier>{fbe4366c-9c8b-4a13-80af-06bd2cc8fda4}</UniqueIdentifier>
    </Filter>
    <Filter Include="Tutorials">
      <UniqueIdentifier>{81f0092d-4e1c-4a27-b0a0-a9e99b263ed5}</UniqueIdentifier>
    </Filter>
    <Filter Include="GameObjects\UI">
      <UniqueIdentifier>{4c63800a-5aa7-4c59-ba0b-19bf6e396731}</UniqueIdentifier>
    </Filter>
    <Filter Include="GameObjects\Enermy\Bullet">
      <UniqueIdentifier>{89093f9a-fc77-4796-9e82-edf5d6bf0dcb}</UniqueIdentifier>
    </Filter>
  </ItemGroup>
  <ItemGroup>
    <ClCompile Include="main.cpp">
      <Filter>Source Files</Filter>
    </ClCompile>
    <ClCompile Include="Sprites.cpp">
      <Filter>Engine</Filter>
    </ClCompile>
    <ClCompile Include="Textures.cpp">
      <Filter>Engine</Filter>
    </ClCompile>
    <ClCompile Include="debug.cpp">
      <Filter>Engine</Filter>
    </ClCompile>
    <ClCompile Include="TileMap.cpp">
      <Filter>Engine</Filter>
    </ClCompile>
    <ClCompile Include="Simon.cpp">
      <Filter>GameObjects\Main</Filter>
    </ClCompile>
    <ClCompile Include="Torch.cpp">
      <Filter>GameObjects\Static</Filter>
    </ClCompile>
    <ClCompile Include="Whip.cpp">
      <Filter>GameObjects\Weapon</Filter>
    </ClCompile>
    <ClCompile Include="Brick.cpp">
      <Filter>GameObjects\Static</Filter>
    </ClCompile>
    <ClCompile Include="GameObject.cpp">
      <Filter>GameObjects</Filter>
    </ClCompile>
    <ClCompile Include="Effect.cpp">
      <Filter>GameObjects\Effect</Filter>
    </ClCompile>
    <ClCompile Include="Item.cpp">
      <Filter>GameObjects\Weapon</Filter>
    </ClCompile>
    <ClCompile Include="Dagger.cpp">
      <Filter>GameObjects\Weapon</Filter>
    </ClCompile>
    <ClCompile Include="Global.cpp">
      <Filter>Engine</Filter>
    </ClCompile>
    <ClCompile Include="Camera.cpp">
      <Filter>Engine</Filter>
    </ClCompile>
    <ClCompile Include="Ghoul.cpp">
      <Filter>GameObjects\Enermy</Filter>
    </ClCompile>
    <ClCompile Include="Cell.cpp">
      <Filter>Engine</Filter>
    </ClCompile>
    <ClCompile Include="SceneManager.cpp">
      <Filter>GameManager</Filter>
    </ClCompile>
    <ClCompile Include="Door.cpp">
      <Filter>GameObjects\Static</Filter>
    </ClCompile>
    <ClCompile Include="Stair.cpp">
      <Filter>GameObjects\Static</Filter>
    </ClCompile>
    <ClCompile Include="HiddenObjects.cpp">
      <Filter>GameObjects\Static</Filter>
    </ClCompile>
    <ClCompile Include="Panther.cpp">
      <Filter>GameObjects\Enermy</Filter>
    </ClCompile>
    <ClCompile Include="Bat.cpp">
      <Filter>GameObjects\Enermy</Filter>
    </ClCompile>
    <ClCompile Include="Game.cpp">
      <Filter>Engine</Filter>
    </ClCompile>
    <ClCompile Include="GameUI.cpp">
      <Filter>GameObjects\UI</Filter>
    </ClCompile>
    <ClCompile Include="Fishmen.cpp">
      <Filter>GameObjects\Enermy</Filter>
    </ClCompile>
    <ClCompile Include="Ground.cpp">
      <Filter>GameObjects\Static</Filter>
    </ClCompile>
    <ClCompile Include="Bullet.cpp">
      <Filter>GameObjects\Enermy\Bullet</Filter>
    </ClCompile>
  </ItemGroup>
  <ItemGroup>
    <ClInclude Include="Sprites.h">
      <Filter>Engine</Filter>
    </ClInclude>
    <ClInclude Include="debug.h">
      <Filter>Engine</Filter>
    </ClInclude>
    <ClInclude Include="Textures.h">
      <Filter>Engine</Filter>
    </ClInclude>
    <ClInclude Include="GameObject.h">
      <Filter>GameObjects</Filter>
    </ClInclude>
    <ClInclude Include="TileMap.h">
      <Filter>Engine</Filter>
    </ClInclude>
    <ClInclude Include="Simon.h">
      <Filter>GameObjects\Main</Filter>
    </ClInclude>
    <ClInclude Include="Torch.h">
      <Filter>GameObjects\Static</Filter>
    </ClInclude>
    <ClInclude Include="Brick.h">
      <Filter>GameObjects\Static</Filter>
    </ClInclude>
    <ClInclude Include="Whip.h">
      <Filter>GameObjects\Weapon</Filter>
    </ClInclude>
    <ClInclude Include="Effect.h">
      <Filter>GameObjects\Effect</Filter>
    </ClInclude>
    <ClInclude Include="Item.h">
      <Filter>GameObjects\Weapon</Filter>
    </ClInclude>
    <ClInclude Include="Dagger.h">
      <Filter>GameObjects\Weapon</Filter>
    </ClInclude>
    <ClInclude Include="Global.h">
      <Filter>Engine</Filter>
    </ClInclude>
    <ClInclude Include="Camera.h">
      <Filter>Engine</Filter>
    </ClInclude>
    <ClInclude Include="ghoul.h">
      <Filter>GameObjects\Enermy</Filter>
    </ClInclude>
    <ClInclude Include="Cell.h">
      <Filter>Engine</Filter>
    </ClInclude>
    <ClInclude Include="SceneManager.h">
      <Filter>GameManager</Filter>
    </ClInclude>
    <ClInclude Include="Door.h">
      <Filter>GameObjects\Static</Filter>
    </ClInclude>
    <ClInclude Include="Stair.h">
      <Filter>GameObjects\Static</Filter>
    </ClInclude>
    <ClInclude Include="HiddenObjects.h">
      <Filter>GameObjects\Static</Filter>
    </ClInclude>
    <ClInclude Include="Panther.h">
      <Filter>GameObjects\Enermy</Filter>
    </ClInclude>
    <ClInclude Include="Bat.h">
      <Filter>GameObjects\Enermy</Filter>
    </ClInclude>
    <ClInclude Include="Game.h">
      <Filter>Engine</Filter>
    </ClInclude>
    <ClInclude Include="GameUI.h">
      <Filter>GameObjects\UI</Filter>
    </ClInclude>
    <ClInclude Include="Fishmen.h">
      <Filter>GameObjects\Enermy</Filter>
    </ClInclude>
    <ClInclude Include="Ground.h">
      <Filter>GameObjects\Static</Filter>
    </ClInclude>
    <ClInclude Include="Bullet.h">
      <Filter>GameObjects\Enermy\Bullet</Filter>
    </ClInclude>
  </ItemGroup>
  <ItemGroup>
    <Text Include="Grid.txt">
      <Filter>Tutorials</Filter>
    </Text>
  </ItemGroup>
</Project>