<?xml version="1.0" encoding="utf-8"?>
<Project ToolsVersion="4.0" xmlns="http://schemas.microsoft.com/developer/msbuild/2003">
  <ItemGroup>
    <Filter Include="Source Files">
      <UniqueIdentifier>{4FC737F1-C7A5-4376-A066-2A32D752A2FF}</UniqueIdentifier>
      <Extensions>cpp;c;cc;cxx;def;odl;idl;hpj;bat;asm;asmx</Extensions>
    </Filter>
    <Filter Include="Header Files">
      <UniqueIdentifier>{93995380-89BD-4b04-88EB-625FBE52EBFB}</UniqueIdentifier>
      <Extensions>h;hh;hpp;hxx;hm;inl;inc;xsd</Extensions>
    </Filter>
    <Filter Include="Resource Files">
      <UniqueIdentifier>{67DA6AB6-F800-4c08-8B7A-83BB121AAD01}</UniqueIdentifier>
      <Extensions>rc;ico;cur;bmp;dlg;rc2;rct;bin;rgs;gif;jpg;jpeg;jpe;resx;tiff;tif;png;wav;mfcribbon-ms</Extensions>
    </Filter>
    <Filter Include="Readme">
      <UniqueIdentifier>{65bade27-7dfd-4563-8011-fa0e5c3b821d}</UniqueIdentifier>
    </Filter>
    <Filter Include="Header Files\SEngine">
      <UniqueIdentifier>{670f7863-07e8-48af-8c9f-db33b9276d79}</UniqueIdentifier>
    </Filter>
    <Filter Include="Header Files\GameObject">
      <UniqueIdentifier>{c1566165-ab21-4bd3-ba30-94e32e8f5a96}</UniqueIdentifier>
    </Filter>
  </ItemGroup>
  <ItemGroup>
    <Image Include="C:\Users\nguyrn\Desktop\source\1.gif">
      <Filter>Resource Files</Filter>
    </Image>
    <Image Include="..\..\..\idm\gamedev-intro-tutorials-master\01-Skeleton\mario.png">
      <Filter>Resource Files</Filter>
    </Image>
  </ItemGroup>
  <ItemGroup>
    <ClInclude Include="Game.h">
      <Filter>Header Files</Filter>
    </ClInclude>
    <ClInclude Include="define.h">
      <Filter>Header Files\SEngine</Filter>
    </ClInclude>
    <ClInclude Include="graphics.h">
      <Filter>Header Files\SEngine</Filter>
    </ClInclude>
    <ClInclude Include="Textures.h">
      <Filter>Header Files\SEngine</Filter>
    </ClInclude>
    <ClInclude Include="Sprites.h">
      <Filter>Header Files\SEngine</Filter>
    </ClInclude>
    <ClInclude Include="debug.h">
      <Filter>Header Files\SEngine</Filter>
    </ClInclude>
    <ClInclude Include="Input.h">
      <Filter>Header Files\SEngine</Filter>
    </ClInclude>
    <ClInclude Include="Canimation.h">
      <Filter>Header Files\SEngine</Filter>
    </ClInclude>
    <ClInclude Include="Objects.h">
      <Filter>Header Files\GameObject</Filter>
    </ClInclude>
    <ClInclude Include="ViewPort.h">
      <Filter>Header Files\SEngine</Filter>
    </ClInclude>
    <ClInclude Include="Simon.h">
      <Filter>Header Files\GameObject</Filter>
    </ClInclude>
    <ClInclude Include="Global.h">
      <Filter>Header Files</Filter>
    </ClInclude>
  </ItemGroup>
  <ItemGroup>
    <ClCompile Include="winmain.cpp">
      <Filter>Source Files</Filter>
    </ClCompile>
    <ClCompile Include="Game.cpp">
      <Filter>Header Files</Filter>
    </ClCompile>
    <ClCompile Include="graphics.cpp">
      <Filter>Header Files\SEngine</Filter>
    </ClCompile>
    <ClCompile Include="Textures.cpp">
      <Filter>Header Files\SEngine</Filter>
    </ClCompile>
    <ClCompile Include="Sprites.cpp">
      <Filter>Header Files\SEngine</Filter>
    </ClCompile>
    <ClCompile Include="Input.cpp">
      <Filter>Header Files\SEngine</Filter>
    </ClCompile>
    <ClCompile Include="Canimation.cpp">
      <Filter>Header Files\SEngine</Filter>
    </ClCompile>
    <ClCompile Include="Objects.cpp">
      <Filter>Header Files\GameObject</Filter>
    </ClCompile>
    <ClCompile Include="debug.cpp">
      <Filter>Header Files\SEngine</Filter>
    </ClCompile>
    <ClCompile Include="ViewPort.cpp">
      <Filter>Header Files\SEngine</Filter>
    </ClCompile>
    <ClCompile Include="Simon.cpp">
      <Filter>Header Files\GameObject</Filter>
    </ClCompile>
    <ClCompile Include="Global.cpp">
      <Filter>Source Files</Filter>
    </ClCompile>
  </ItemGroup>
  <ItemGroup>
    <Text Include="C:\Users\nguyrn\Desktop\Readme.txt">
      <Filter>Readme</Filter>
    </Text>
    <Text Include="Surface_Texture.txt">
      <Filter>Readme</Filter>
    </Text>
  </ItemGroup>
</Project>